// !$*UTF8*$!
{
	archiveVersion = 1;
	classes = {
	};
	objectVersion = 46;
	objects = {

/* Begin PBXBuildFile section */
		6524D7B51EF7FD6800A11C15 /* Bolts.framework in Frameworks */ = {isa = PBXBuildFile; fileRef = 6524D7B11EF7FD6800A11C15 /* Bolts.framework */; };
		6524D7B61EF7FD6800A11C15 /* FBSDKCoreKit.framework in Frameworks */ = {isa = PBXBuildFile; fileRef = 6524D7B21EF7FD6800A11C15 /* FBSDKCoreKit.framework */; };
		6524D7B71EF7FD6800A11C15 /* FBSDKLoginKit.framework in Frameworks */ = {isa = PBXBuildFile; fileRef = 6524D7B31EF7FD6800A11C15 /* FBSDKLoginKit.framework */; };
		6524D7B81EF7FD6800A11C15 /* FBSDKShareKit.framework in Frameworks */ = {isa = PBXBuildFile; fileRef = 6524D7B41EF7FD6800A11C15 /* FBSDKShareKit.framework */; };
		652782C61E4F5F160069A18A /* AppDelegate.swift in Sources */ = {isa = PBXBuildFile; fileRef = 652782C51E4F5F160069A18A /* AppDelegate.swift */; };
		652782C81E4F5F160069A18A /* ViewController.swift in Sources */ = {isa = PBXBuildFile; fileRef = 652782C71E4F5F160069A18A /* ViewController.swift */; };
		652782CB1E4F5F160069A18A /* Main.storyboard in Resources */ = {isa = PBXBuildFile; fileRef = 652782C91E4F5F160069A18A /* Main.storyboard */; };
		652782D01E4F5F160069A18A /* LaunchScreen.storyboard in Resources */ = {isa = PBXBuildFile; fileRef = 652782CE1E4F5F160069A18A /* LaunchScreen.storyboard */; };
		652782DB1E4F5F160069A18A /* SkurringTests.swift in Sources */ = {isa = PBXBuildFile; fileRef = 652782DA1E4F5F160069A18A /* SkurringTests.swift */; };
		652782E61E4F5F160069A18A /* SkurringUITests.swift in Sources */ = {isa = PBXBuildFile; fileRef = 652782E51E4F5F160069A18A /* SkurringUITests.swift */; };
		652782F81E5331040069A18A /* Assets.xcassets in Resources */ = {isa = PBXBuildFile; fileRef = 652782F71E5331040069A18A /* Assets.xcassets */; };
		6545D58F1F0041B5001D256A /* StoreKit.framework in Frameworks */ = {isa = PBXBuildFile; fileRef = 6545D58E1F0041B5001D256A /* StoreKit.framework */; };
		659D88E11F614AF700FA1118 /* weatherDataModel.swift in Sources */ = {isa = PBXBuildFile; fileRef = 659D88E01F614AF700FA1118 /* weatherDataModel.swift */; };
		65A0DC311FA1F597008DC69E /* xmlParser.swift in Sources */ = {isa = PBXBuildFile; fileRef = 65A0DC301FA1F597008DC69E /* xmlParser.swift */; };
		65A96C8B1E71656B0009F39D /* MapKit.framework in Frameworks */ = {isa = PBXBuildFile; fileRef = 65A96C8A1E71656B0009F39D /* MapKit.framework */; };
		65B04DC11EFBE2AE002B60FB /* Digital.ttf in Resources */ = {isa = PBXBuildFile; fileRef = 65B04DC01EFBE2AE002B60FB /* Digital.ttf */; };
		65B4628D1E55C9F000815203 /* PlayVC.swift in Sources */ = {isa = PBXBuildFile; fileRef = 65B4628C1E55C9F000815203 /* PlayVC.swift */; };
		65B462911E56F3E700815203 /* RadioINFO.swift in Sources */ = {isa = PBXBuildFile; fileRef = 65B462901E56F3E700815203 /* RadioINFO.swift */; };
		65B462951E59CC1400815203 /* RadioInfoCell.swift in Sources */ = {isa = PBXBuildFile; fileRef = 65B462941E59CC1400815203 /* RadioInfoCell.swift */; };
		65B462971E5AE49D00815203 /* GifEngine.swift in Sources */ = {isa = PBXBuildFile; fileRef = 65B462961E5AE49D00815203 /* GifEngine.swift */; };
		65B4629C1E5B12F800815203 /* RadioList.swift in Sources */ = {isa = PBXBuildFile; fileRef = 65B4629B1E5B12F800815203 /* RadioList.swift */; };
		65B4629E1E5B1B9B00815203 /* MainScreenRadioObjects.swift in Sources */ = {isa = PBXBuildFile; fileRef = 65B4629D1E5B1B9B00815203 /* MainScreenRadioObjects.swift */; };
		65B462A01E5B290600815203 /* SendObject.swift in Sources */ = {isa = PBXBuildFile; fileRef = 65B4629F1E5B290600815203 /* SendObject.swift */; };
		65C8FD111FB08E2300870682 /* DownloadManager.swift in Sources */ = {isa = PBXBuildFile; fileRef = 65C8FD101FB08E2300870682 /* DownloadManager.swift */; };
		65EB87A61F5C2006007044B4 /* SoundPlayer.swift in Sources */ = {isa = PBXBuildFile; fileRef = 65EB87A51F5C2006007044B4 /* SoundPlayer.swift */; };
		65F5C5E51E6030000069C190 /* SettingsVC.swift in Sources */ = {isa = PBXBuildFile; fileRef = 65F5C5E41E6030000069C190 /* SettingsVC.swift */; };
		9486C2590155DA80BEC320E7 /* Pods_Skurring.framework in Frameworks */ = {isa = PBXBuildFile; fileRef = 72ED233012358625B1E404AD /* Pods_Skurring.framework */; };
		DF0775FE20248FA900A2B7AE /* iCarousel.m in Sources */ = {isa = PBXBuildFile; fileRef = DF0775FC20248FA900A2B7AE /* iCarousel.m */; };
		DF07760020249E4800A2B7AE /* PlayRadioCell.swift in Sources */ = {isa = PBXBuildFile; fileRef = DF0775FF20249E4800A2B7AE /* PlayRadioCell.swift */; };
		DF1CA1E31FBDDBCE005F88F4 /* VegvesenKartVC.swift in Sources */ = {isa = PBXBuildFile; fileRef = DF1CA1E21FBDDBCE005F88F4 /* VegvesenKartVC.swift */; };
		DF276BE61FB3A72A0068F1A3 /* XMLWeather.swift in Sources */ = {isa = PBXBuildFile; fileRef = DF276BE51FB3A72A0068F1A3 /* XMLWeather.swift */; };
		DF586F531FB3D87300255E31 /* WeatherCollectionObject.swift in Sources */ = {isa = PBXBuildFile; fileRef = DF586F521FB3D87300255E31 /* WeatherCollectionObject.swift */; };
		DF9842C71FCD782600266AAB /* WeatherFilter.swift in Sources */ = {isa = PBXBuildFile; fileRef = DF9842C61FCD782600266AAB /* WeatherFilter.swift */; };
		DF9E72B51FCA1DD900CEEAA3 /* Info.plist in Resources */ = {isa = PBXBuildFile; fileRef = DF9E72B41FCA1DD800CEEAA3 /* Info.plist */; };
		DFA3CE521FC60D1900AA939A /* BorderedView.swift in Sources */ = {isa = PBXBuildFile; fileRef = DFA3CE511FC60D1900AA939A /* BorderedView.swift */; };
		DFA3CE541FC60D7E00AA939A /* ShadowCircularButton.swift in Sources */ = {isa = PBXBuildFile; fileRef = DFA3CE531FC60D7E00AA939A /* ShadowCircularButton.swift */; };
		DFE517461E5DD56700A352B6 /* TimerBrain.swift in Sources */ = {isa = PBXBuildFile; fileRef = DFE517451E5DD56700A352B6 /* TimerBrain.swift */; };
		DFE5174A1E61CB7800A352B6 /* SaveData.swift in Sources */ = {isa = PBXBuildFile; fileRef = DFE517491E61CB7800A352B6 /* SaveData.swift */; };
		DFE5174D1E61D10D00A352B6 /* RadioPlayer.swift in Sources */ = {isa = PBXBuildFile; fileRef = DFE5174C1E61D10D00A352B6 /* RadioPlayer.swift */; };
		DFE517501E61D9DF00A352B6 /* Alerts.swift in Sources */ = {isa = PBXBuildFile; fileRef = DFE5174F1E61D9DF00A352B6 /* Alerts.swift */; };
		DFE579E61FC46DF2008905B8 /* HjelpVC.swift in Sources */ = {isa = PBXBuildFile; fileRef = DFE579E51FC46DF2008905B8 /* HjelpVC.swift */; };
		DFE579E91FC46E5D008905B8 /* CallOptions.swift in Sources */ = {isa = PBXBuildFile; fileRef = DFE579E81FC46E5D008905B8 /* CallOptions.swift */; };
		DFE579EB1FC4725E008905B8 /* EmergencyCell.swift in Sources */ = {isa = PBXBuildFile; fileRef = DFE579EA1FC4725E008905B8 /* EmergencyCell.swift */; };
		DFF4E93E1FB49E69006262BD /* DataService.swift in Sources */ = {isa = PBXBuildFile; fileRef = DFF4E93D1FB49E69006262BD /* DataService.swift */; };
		DFF4E9411FB4AE59006262BD /* XMLVegvesen.swift in Sources */ = {isa = PBXBuildFile; fileRef = DFF4E9401FB4AE59006262BD /* XMLVegvesen.swift */; };
		DFF4E9431FB4AF95006262BD /* FylkeDict.swift in Sources */ = {isa = PBXBuildFile; fileRef = DFF4E9421FB4AF95006262BD /* FylkeDict.swift */; };
		DFF4E9451FB4B4BD006262BD /* VegvesenCollectionObject.swift in Sources */ = {isa = PBXBuildFile; fileRef = DFF4E9441FB4B4BD006262BD /* VegvesenCollectionObject.swift */; };
		DFF4E9471FB4C914006262BD /* VegVesenInfoCell.swift in Sources */ = {isa = PBXBuildFile; fileRef = DFF4E9461FB4C914006262BD /* VegVesenInfoCell.swift */; };
/* End PBXBuildFile section */

/* Begin PBXContainerItemProxy section */
		652782D71E4F5F160069A18A /* PBXContainerItemProxy */ = {
			isa = PBXContainerItemProxy;
			containerPortal = 652782BA1E4F5F160069A18A /* Project object */;
			proxyType = 1;
			remoteGlobalIDString = 652782C11E4F5F160069A18A;
			remoteInfo = Skurring;
		};
		652782E21E4F5F160069A18A /* PBXContainerItemProxy */ = {
			isa = PBXContainerItemProxy;
			containerPortal = 652782BA1E4F5F160069A18A /* Project object */;
			proxyType = 1;
			remoteGlobalIDString = 652782C11E4F5F160069A18A;
			remoteInfo = Skurring;
		};
/* End PBXContainerItemProxy section */

/* Begin PBXFileReference section */
		173A62CA87489ECA4030F5CE /* Pods-Skurring.debug.xcconfig */ = {isa = PBXFileReference; includeInIndex = 1; lastKnownFileType = text.xcconfig; name = "Pods-Skurring.debug.xcconfig"; path = "Pods/Target Support Files/Pods-Skurring/Pods-Skurring.debug.xcconfig"; sourceTree = "<group>"; };
		6524D7B11EF7FD6800A11C15 /* Bolts.framework */ = {isa = PBXFileReference; lastKnownFileType = wrapper.framework; path = Bolts.framework; sourceTree = "<group>"; };
		6524D7B21EF7FD6800A11C15 /* FBSDKCoreKit.framework */ = {isa = PBXFileReference; lastKnownFileType = wrapper.framework; path = FBSDKCoreKit.framework; sourceTree = "<group>"; };
		6524D7B31EF7FD6800A11C15 /* FBSDKLoginKit.framework */ = {isa = PBXFileReference; lastKnownFileType = wrapper.framework; path = FBSDKLoginKit.framework; sourceTree = "<group>"; };
		6524D7B41EF7FD6800A11C15 /* FBSDKShareKit.framework */ = {isa = PBXFileReference; lastKnownFileType = wrapper.framework; path = FBSDKShareKit.framework; sourceTree = "<group>"; };
		652782C21E4F5F160069A18A /* Skurring.app */ = {isa = PBXFileReference; explicitFileType = wrapper.application; includeInIndex = 0; path = Skurring.app; sourceTree = BUILT_PRODUCTS_DIR; };
		652782C51E4F5F160069A18A /* AppDelegate.swift */ = {isa = PBXFileReference; lastKnownFileType = sourcecode.swift; path = AppDelegate.swift; sourceTree = "<group>"; };
		652782C71E4F5F160069A18A /* ViewController.swift */ = {isa = PBXFileReference; lastKnownFileType = sourcecode.swift; path = ViewController.swift; sourceTree = "<group>"; };
		652782CA1E4F5F160069A18A /* Base */ = {isa = PBXFileReference; lastKnownFileType = file.storyboard; name = Base; path = Base.lproj/Main.storyboard; sourceTree = "<group>"; };
		652782CF1E4F5F160069A18A /* Base */ = {isa = PBXFileReference; lastKnownFileType = file.storyboard; name = Base; path = Base.lproj/LaunchScreen.storyboard; sourceTree = "<group>"; };
		652782D61E4F5F160069A18A /* SkurringTests.xctest */ = {isa = PBXFileReference; explicitFileType = wrapper.cfbundle; includeInIndex = 0; path = SkurringTests.xctest; sourceTree = BUILT_PRODUCTS_DIR; };
		652782DA1E4F5F160069A18A /* SkurringTests.swift */ = {isa = PBXFileReference; lastKnownFileType = sourcecode.swift; path = SkurringTests.swift; sourceTree = "<group>"; };
		652782DC1E4F5F160069A18A /* Info.plist */ = {isa = PBXFileReference; lastKnownFileType = text.plist.xml; path = Info.plist; sourceTree = "<group>"; };
		652782E11E4F5F160069A18A /* SkurringUITests.xctest */ = {isa = PBXFileReference; explicitFileType = wrapper.cfbundle; includeInIndex = 0; path = SkurringUITests.xctest; sourceTree = BUILT_PRODUCTS_DIR; };
		652782E51E4F5F160069A18A /* SkurringUITests.swift */ = {isa = PBXFileReference; lastKnownFileType = sourcecode.swift; path = SkurringUITests.swift; sourceTree = "<group>"; };
		652782E71E4F5F160069A18A /* Info.plist */ = {isa = PBXFileReference; lastKnownFileType = text.plist.xml; path = Info.plist; sourceTree = "<group>"; };
		652782F71E5331040069A18A /* Assets.xcassets */ = {isa = PBXFileReference; lastKnownFileType = folder.assetcatalog; path = Assets.xcassets; sourceTree = "<group>"; };
		6545D58E1F0041B5001D256A /* StoreKit.framework */ = {isa = PBXFileReference; lastKnownFileType = wrapper.framework; name = StoreKit.framework; path = System/Library/Frameworks/StoreKit.framework; sourceTree = SDKROOT; };
		6545D5901F0041FA001D256A /* Skurring.entitlements */ = {isa = PBXFileReference; lastKnownFileType = text.plist.entitlements; name = Skurring.entitlements; path = Skurring/Skurring.entitlements; sourceTree = "<group>"; };
		659D88E01F614AF700FA1118 /* weatherDataModel.swift */ = {isa = PBXFileReference; fileEncoding = 4; lastKnownFileType = sourcecode.swift; path = weatherDataModel.swift; sourceTree = "<group>"; };
		65A0DC301FA1F597008DC69E /* xmlParser.swift */ = {isa = PBXFileReference; lastKnownFileType = sourcecode.swift; path = xmlParser.swift; sourceTree = "<group>"; };
		65A96C8A1E71656B0009F39D /* MapKit.framework */ = {isa = PBXFileReference; lastKnownFileType = wrapper.framework; name = MapKit.framework; path = System/Library/Frameworks/MapKit.framework; sourceTree = SDKROOT; };
		65B04DC01EFBE2AE002B60FB /* Digital.ttf */ = {isa = PBXFileReference; lastKnownFileType = file; name = Digital.ttf; path = Fonts/Digital.ttf; sourceTree = "<group>"; };
		65B4628C1E55C9F000815203 /* PlayVC.swift */ = {isa = PBXFileReference; fileEncoding = 4; lastKnownFileType = sourcecode.swift; path = PlayVC.swift; sourceTree = "<group>"; };
		65B462901E56F3E700815203 /* RadioINFO.swift */ = {isa = PBXFileReference; fileEncoding = 4; lastKnownFileType = sourcecode.swift; path = RadioINFO.swift; sourceTree = "<group>"; };
		65B462941E59CC1400815203 /* RadioInfoCell.swift */ = {isa = PBXFileReference; fileEncoding = 4; lastKnownFileType = sourcecode.swift; path = RadioInfoCell.swift; sourceTree = "<group>"; };
		65B462961E5AE49D00815203 /* GifEngine.swift */ = {isa = PBXFileReference; fileEncoding = 4; lastKnownFileType = sourcecode.swift; path = GifEngine.swift; sourceTree = "<group>"; };
		65B4629B1E5B12F800815203 /* RadioList.swift */ = {isa = PBXFileReference; fileEncoding = 4; lastKnownFileType = sourcecode.swift; path = RadioList.swift; sourceTree = "<group>"; };
		65B4629D1E5B1B9B00815203 /* MainScreenRadioObjects.swift */ = {isa = PBXFileReference; fileEncoding = 4; lastKnownFileType = sourcecode.swift; path = MainScreenRadioObjects.swift; sourceTree = "<group>"; };
		65B4629F1E5B290600815203 /* SendObject.swift */ = {isa = PBXFileReference; fileEncoding = 4; lastKnownFileType = sourcecode.swift; path = SendObject.swift; sourceTree = "<group>"; };
		65C8FD101FB08E2300870682 /* DownloadManager.swift */ = {isa = PBXFileReference; lastKnownFileType = sourcecode.swift; path = DownloadManager.swift; sourceTree = "<group>"; };
		65EB87A51F5C2006007044B4 /* SoundPlayer.swift */ = {isa = PBXFileReference; fileEncoding = 4; lastKnownFileType = sourcecode.swift; path = SoundPlayer.swift; sourceTree = "<group>"; };
		65F5C5E41E6030000069C190 /* SettingsVC.swift */ = {isa = PBXFileReference; fileEncoding = 4; lastKnownFileType = sourcecode.swift; path = SettingsVC.swift; sourceTree = "<group>"; };
		72ED233012358625B1E404AD /* Pods_Skurring.framework */ = {isa = PBXFileReference; explicitFileType = wrapper.framework; includeInIndex = 0; path = Pods_Skurring.framework; sourceTree = BUILT_PRODUCTS_DIR; };
		C697287DDD74DB217FDC3430 /* Pods-Skurring.release.xcconfig */ = {isa = PBXFileReference; includeInIndex = 1; lastKnownFileType = text.xcconfig; name = "Pods-Skurring.release.xcconfig"; path = "Pods/Target Support Files/Pods-Skurring/Pods-Skurring.release.xcconfig"; sourceTree = "<group>"; };
		DF0775FB20248FA800A2B7AE /* Skurring-Bridging-Header.h */ = {isa = PBXFileReference; lastKnownFileType = sourcecode.c.h; path = "Skurring-Bridging-Header.h"; sourceTree = "<group>"; };
		DF0775FC20248FA900A2B7AE /* iCarousel.m */ = {isa = PBXFileReference; fileEncoding = 4; lastKnownFileType = sourcecode.c.objc; path = iCarousel.m; sourceTree = "<group>"; };
		DF0775FD20248FA900A2B7AE /* iCarousel.h */ = {isa = PBXFileReference; fileEncoding = 4; lastKnownFileType = sourcecode.c.h; path = iCarousel.h; sourceTree = "<group>"; };
		DF0775FF20249E4800A2B7AE /* PlayRadioCell.swift */ = {isa = PBXFileReference; lastKnownFileType = sourcecode.swift; path = PlayRadioCell.swift; sourceTree = "<group>"; };
		DF1CA1E21FBDDBCE005F88F4 /* VegvesenKartVC.swift */ = {isa = PBXFileReference; lastKnownFileType = sourcecode.swift; path = VegvesenKartVC.swift; sourceTree = "<group>"; };
		DF276BE51FB3A72A0068F1A3 /* XMLWeather.swift */ = {isa = PBXFileReference; lastKnownFileType = sourcecode.swift; path = XMLWeather.swift; sourceTree = "<group>"; };
		DF586F521FB3D87300255E31 /* WeatherCollectionObject.swift */ = {isa = PBXFileReference; lastKnownFileType = sourcecode.swift; path = WeatherCollectionObject.swift; sourceTree = "<group>"; };
		DF9842C61FCD782600266AAB /* WeatherFilter.swift */ = {isa = PBXFileReference; lastKnownFileType = sourcecode.swift; path = WeatherFilter.swift; sourceTree = "<group>"; };
		DF9E72B41FCA1DD800CEEAA3 /* Info.plist */ = {isa = PBXFileReference; fileEncoding = 4; lastKnownFileType = text.plist.xml; path = Info.plist; sourceTree = "<group>"; };
		DFA3CE511FC60D1900AA939A /* BorderedView.swift */ = {isa = PBXFileReference; lastKnownFileType = sourcecode.swift; path = BorderedView.swift; sourceTree = "<group>"; };
		DFA3CE531FC60D7E00AA939A /* ShadowCircularButton.swift */ = {isa = PBXFileReference; lastKnownFileType = sourcecode.swift; path = ShadowCircularButton.swift; sourceTree = "<group>"; };
		DFE517451E5DD56700A352B6 /* TimerBrain.swift */ = {isa = PBXFileReference; fileEncoding = 4; lastKnownFileType = sourcecode.swift; path = TimerBrain.swift; sourceTree = "<group>"; };
		DFE517491E61CB7800A352B6 /* SaveData.swift */ = {isa = PBXFileReference; fileEncoding = 4; lastKnownFileType = sourcecode.swift; path = SaveData.swift; sourceTree = "<group>"; };
		DFE5174C1E61D10D00A352B6 /* RadioPlayer.swift */ = {isa = PBXFileReference; fileEncoding = 4; lastKnownFileType = sourcecode.swift; path = RadioPlayer.swift; sourceTree = "<group>"; };
		DFE5174F1E61D9DF00A352B6 /* Alerts.swift */ = {isa = PBXFileReference; fileEncoding = 4; lastKnownFileType = sourcecode.swift; path = Alerts.swift; sourceTree = "<group>"; };
		DFE579E51FC46DF2008905B8 /* HjelpVC.swift */ = {isa = PBXFileReference; lastKnownFileType = sourcecode.swift; path = HjelpVC.swift; sourceTree = "<group>"; };
		DFE579E81FC46E5D008905B8 /* CallOptions.swift */ = {isa = PBXFileReference; lastKnownFileType = sourcecode.swift; path = CallOptions.swift; sourceTree = "<group>"; };
		DFE579EA1FC4725E008905B8 /* EmergencyCell.swift */ = {isa = PBXFileReference; lastKnownFileType = sourcecode.swift; path = EmergencyCell.swift; sourceTree = "<group>"; };
		DFF4E93D1FB49E69006262BD /* DataService.swift */ = {isa = PBXFileReference; lastKnownFileType = sourcecode.swift; path = DataService.swift; sourceTree = "<group>"; };
		DFF4E9401FB4AE59006262BD /* XMLVegvesen.swift */ = {isa = PBXFileReference; lastKnownFileType = sourcecode.swift; path = XMLVegvesen.swift; sourceTree = "<group>"; };
		DFF4E9421FB4AF95006262BD /* FylkeDict.swift */ = {isa = PBXFileReference; lastKnownFileType = sourcecode.swift; path = FylkeDict.swift; sourceTree = "<group>"; };
		DFF4E9441FB4B4BD006262BD /* VegvesenCollectionObject.swift */ = {isa = PBXFileReference; lastKnownFileType = sourcecode.swift; path = VegvesenCollectionObject.swift; sourceTree = "<group>"; };
		DFF4E9461FB4C914006262BD /* VegVesenInfoCell.swift */ = {isa = PBXFileReference; lastKnownFileType = sourcecode.swift; path = VegVesenInfoCell.swift; sourceTree = "<group>"; };
/* End PBXFileReference section */

/* Begin PBXFrameworksBuildPhase section */
		652782BF1E4F5F160069A18A /* Frameworks */ = {
			isa = PBXFrameworksBuildPhase;
			buildActionMask = 2147483647;
			files = (
				6524D7B51EF7FD6800A11C15 /* Bolts.framework in Frameworks */,
				6545D58F1F0041B5001D256A /* StoreKit.framework in Frameworks */,
				6524D7B61EF7FD6800A11C15 /* FBSDKCoreKit.framework in Frameworks */,
				6524D7B81EF7FD6800A11C15 /* FBSDKShareKit.framework in Frameworks */,
				6524D7B71EF7FD6800A11C15 /* FBSDKLoginKit.framework in Frameworks */,
				65A96C8B1E71656B0009F39D /* MapKit.framework in Frameworks */,
				9486C2590155DA80BEC320E7 /* Pods_Skurring.framework in Frameworks */,
			);
			runOnlyForDeploymentPostprocessing = 0;
		};
		652782D31E4F5F160069A18A /* Frameworks */ = {
			isa = PBXFrameworksBuildPhase;
			buildActionMask = 2147483647;
			files = (
			);
			runOnlyForDeploymentPostprocessing = 0;
		};
		652782DE1E4F5F160069A18A /* Frameworks */ = {
			isa = PBXFrameworksBuildPhase;
			buildActionMask = 2147483647;
			files = (
			);
			runOnlyForDeploymentPostprocessing = 0;
		};
/* End PBXFrameworksBuildPhase section */

/* Begin PBXGroup section */
		31F44E3F483E81A2D5B00BC4 /* Frameworks */ = {
			isa = PBXGroup;
			children = (
				6545D58E1F0041B5001D256A /* StoreKit.framework */,
				6524D7B11EF7FD6800A11C15 /* Bolts.framework */,
				6524D7B21EF7FD6800A11C15 /* FBSDKCoreKit.framework */,
				6524D7B31EF7FD6800A11C15 /* FBSDKLoginKit.framework */,
				6524D7B41EF7FD6800A11C15 /* FBSDKShareKit.framework */,
				65A96C8A1E71656B0009F39D /* MapKit.framework */,
				72ED233012358625B1E404AD /* Pods_Skurring.framework */,
			);
			name = Frameworks;
			sourceTree = "<group>";
		};
		652782B91E4F5F160069A18A = {
			isa = PBXGroup;
			children = (
				652782C41E4F5F160069A18A /* Skurring */,
				6545D5901F0041FA001D256A /* Skurring.entitlements */,
				652782D91E4F5F160069A18A /* SkurringTests */,
				652782E41E4F5F160069A18A /* SkurringUITests */,
				652782C31E4F5F160069A18A /* Products */,
				E52076BEEA60E6623ACA64BC /* Pods */,
				31F44E3F483E81A2D5B00BC4 /* Frameworks */,
			);
			sourceTree = "<group>";
		};
		652782C31E4F5F160069A18A /* Products */ = {
			isa = PBXGroup;
			children = (
				652782C21E4F5F160069A18A /* Skurring.app */,
				652782D61E4F5F160069A18A /* SkurringTests.xctest */,
				652782E11E4F5F160069A18A /* SkurringUITests.xctest */,
			);
			name = Products;
			sourceTree = "<group>";
		};
		652782C41E4F5F160069A18A /* Skurring */ = {
			isa = PBXGroup;
			children = (
				DF0775FA20248F7E00A2B7AE /* iCarousel */,
				DFF4E93C1FB49E5A006262BD /* DataService */,
				DF276BE41FB3A7120068F1A3 /* XMLManager */,
				DFE5174E1E61D9C700A352B6 /* hvis ikke radioen vil spille av */,
				DFE5174B1E61D10000A352B6 /* RadioPlayer */,
				DFE517481E61CB6A00A352B6 /* SaveData */,
				DFE517471E5DD73700A352B6 /* TimerBrain */,
				BC6516AA1E546255008AB3C3 /* View */,
				65B4628E1E56E93300815203 /* Model */,
				65B4628F1E56E94400815203 /* Controllers */,
				65B4629A1E5AE9EB00815203 /* Gif */,
				652782C91E4F5F160069A18A /* Main.storyboard */,
				652782CE1E4F5F160069A18A /* LaunchScreen.storyboard */,
				DF9E72B41FCA1DD800CEEAA3 /* Info.plist */,
				65B04DC01EFBE2AE002B60FB /* Digital.ttf */,
				652782F71E5331040069A18A /* Assets.xcassets */,
				652782C51E4F5F160069A18A /* AppDelegate.swift */,
			);
			path = Skurring;
			sourceTree = "<group>";
		};
		652782D91E4F5F160069A18A /* SkurringTests */ = {
			isa = PBXGroup;
			children = (
				652782DA1E4F5F160069A18A /* SkurringTests.swift */,
				652782DC1E4F5F160069A18A /* Info.plist */,
			);
			path = SkurringTests;
			sourceTree = "<group>";
		};
		652782E41E4F5F160069A18A /* SkurringUITests */ = {
			isa = PBXGroup;
			children = (
				652782E51E4F5F160069A18A /* SkurringUITests.swift */,
				652782E71E4F5F160069A18A /* Info.plist */,
			);
			path = SkurringUITests;
			sourceTree = "<group>";
		};
		65B4628E1E56E93300815203 /* Model */ = {
			isa = PBXGroup;
			children = (
				DF9842C51FCD780900266AAB /* WeatherFilter */,
				DFE579E71FC46E51008905B8 /* CallOptions */,
				65B4629D1E5B1B9B00815203 /* MainScreenRadioObjects.swift */,
				65EB87A51F5C2006007044B4 /* SoundPlayer.swift */,
				65B462901E56F3E700815203 /* RadioINFO.swift */,
				65B4629F1E5B290600815203 /* SendObject.swift */,
				659D88E01F614AF700FA1118 /* weatherDataModel.swift */,
				65A0DC301FA1F597008DC69E /* xmlParser.swift */,
				65C8FD101FB08E2300870682 /* DownloadManager.swift */,
			);
			name = Model;
			sourceTree = "<group>";
		};
		65B4628F1E56E94400815203 /* Controllers */ = {
			isa = PBXGroup;
			children = (
				652782C71E4F5F160069A18A /* ViewController.swift */,
				65B4628C1E55C9F000815203 /* PlayVC.swift */,
				65B4629B1E5B12F800815203 /* RadioList.swift */,
				65F5C5E41E6030000069C190 /* SettingsVC.swift */,
				DF1CA1E21FBDDBCE005F88F4 /* VegvesenKartVC.swift */,
				DFE579E51FC46DF2008905B8 /* HjelpVC.swift */,
			);
			name = Controllers;
			sourceTree = "<group>";
		};
		65B4629A1E5AE9EB00815203 /* Gif */ = {
			isa = PBXGroup;
			children = (
				65B462961E5AE49D00815203 /* GifEngine.swift */,
			);
			name = Gif;
			sourceTree = "<group>";
		};
		BC6516AA1E546255008AB3C3 /* View */ = {
			isa = PBXGroup;
			children = (
				DFA3CE501FC60D0000AA939A /* UIElements */,
				65B462941E59CC1400815203 /* RadioInfoCell.swift */,
				DFF4E9461FB4C914006262BD /* VegVesenInfoCell.swift */,
				DFE579EA1FC4725E008905B8 /* EmergencyCell.swift */,
				DF0775FF20249E4800A2B7AE /* PlayRadioCell.swift */,
			);
			name = View;
			sourceTree = "<group>";
		};
		DF0775FA20248F7E00A2B7AE /* iCarousel */ = {
			isa = PBXGroup;
			children = (
				DF0775FD20248FA900A2B7AE /* iCarousel.h */,
				DF0775FC20248FA900A2B7AE /* iCarousel.m */,
				DF0775FB20248FA800A2B7AE /* Skurring-Bridging-Header.h */,
			);
			name = iCarousel;
			sourceTree = "<group>";
		};
		DF276BE41FB3A7120068F1A3 /* XMLManager */ = {
			isa = PBXGroup;
			children = (
				DFF4E93F1FB4AE36006262BD /* XMLVegvesen */,
				DF586F511FB3AF4600255E31 /* XMLWeather */,
			);
			name = XMLManager;
			sourceTree = "<group>";
		};
		DF586F511FB3AF4600255E31 /* XMLWeather */ = {
			isa = PBXGroup;
			children = (
				DF276BE51FB3A72A0068F1A3 /* XMLWeather.swift */,
				DF586F521FB3D87300255E31 /* WeatherCollectionObject.swift */,
			);
			name = XMLWeather;
			sourceTree = "<group>";
		};
		DF9842C51FCD780900266AAB /* WeatherFilter */ = {
			isa = PBXGroup;
			children = (
				DF9842C61FCD782600266AAB /* WeatherFilter.swift */,
			);
			name = WeatherFilter;
			sourceTree = "<group>";
		};
		DFA3CE501FC60D0000AA939A /* UIElements */ = {
			isa = PBXGroup;
			children = (
				DFA3CE511FC60D1900AA939A /* BorderedView.swift */,
				DFA3CE531FC60D7E00AA939A /* ShadowCircularButton.swift */,
			);
			name = UIElements;
			sourceTree = "<group>";
		};
		DFE517471E5DD73700A352B6 /* TimerBrain */ = {
			isa = PBXGroup;
			children = (
				DFE517451E5DD56700A352B6 /* TimerBrain.swift */,
			);
			name = TimerBrain;
			sourceTree = "<group>";
		};
		DFE517481E61CB6A00A352B6 /* SaveData */ = {
			isa = PBXGroup;
			children = (
				DFE517491E61CB7800A352B6 /* SaveData.swift */,
			);
			name = SaveData;
			sourceTree = "<group>";
		};
		DFE5174B1E61D10000A352B6 /* RadioPlayer */ = {
			isa = PBXGroup;
			children = (
				DFE5174C1E61D10D00A352B6 /* RadioPlayer.swift */,
			);
			name = RadioPlayer;
			sourceTree = "<group>";
		};
		DFE5174E1E61D9C700A352B6 /* hvis ikke radioen vil spille av */ = {
			isa = PBXGroup;
			children = (
				DFE5174F1E61D9DF00A352B6 /* Alerts.swift */,
			);
			name = "hvis ikke radioen vil spille av";
			sourceTree = "<group>";
		};
		DFE579E71FC46E51008905B8 /* CallOptions */ = {
			isa = PBXGroup;
			children = (
				DFE579E81FC46E5D008905B8 /* CallOptions.swift */,
			);
			name = CallOptions;
			sourceTree = "<group>";
		};
		DFF4E93C1FB49E5A006262BD /* DataService */ = {
			isa = PBXGroup;
			children = (
				DFF4E93D1FB49E69006262BD /* DataService.swift */,
			);
			name = DataService;
			sourceTree = "<group>";
		};
		DFF4E93F1FB4AE36006262BD /* XMLVegvesen */ = {
			isa = PBXGroup;
			children = (
				DFF4E9401FB4AE59006262BD /* XMLVegvesen.swift */,
				DFF4E9421FB4AF95006262BD /* FylkeDict.swift */,
				DFF4E9441FB4B4BD006262BD /* VegvesenCollectionObject.swift */,
			);
			name = XMLVegvesen;
			sourceTree = "<group>";
		};
		E52076BEEA60E6623ACA64BC /* Pods */ = {
			isa = PBXGroup;
			children = (
				173A62CA87489ECA4030F5CE /* Pods-Skurring.debug.xcconfig */,
				C697287DDD74DB217FDC3430 /* Pods-Skurring.release.xcconfig */,
			);
			name = Pods;
			sourceTree = "<group>";
		};
/* End PBXGroup section */

/* Begin PBXNativeTarget section */
		652782C11E4F5F160069A18A /* Skurring */ = {
			isa = PBXNativeTarget;
			buildConfigurationList = 652782EA1E4F5F160069A18A /* Build configuration list for PBXNativeTarget "Skurring" */;
			buildPhases = (
				CD622EEE01FBE9B3B2A5F723 /* [CP] Check Pods Manifest.lock */,
				652782BE1E4F5F160069A18A /* Sources */,
				652782BF1E4F5F160069A18A /* Frameworks */,
				652782C01E4F5F160069A18A /* Resources */,
				AB7F8702FF9519C7C7868AA6 /* [CP] Embed Pods Frameworks */,
				24477826A51821EBE8384802 /* [CP] Copy Pods Resources */,
			);
			buildRules = (
			);
			dependencies = (
			);
			name = Skurring;
			productName = Skurring;
			productReference = 652782C21E4F5F160069A18A /* Skurring.app */;
			productType = "com.apple.product-type.application";
		};
		652782D51E4F5F160069A18A /* SkurringTests */ = {
			isa = PBXNativeTarget;
			buildConfigurationList = 652782ED1E4F5F160069A18A /* Build configuration list for PBXNativeTarget "SkurringTests" */;
			buildPhases = (
				652782D21E4F5F160069A18A /* Sources */,
				652782D31E4F5F160069A18A /* Frameworks */,
				652782D41E4F5F160069A18A /* Resources */,
			);
			buildRules = (
			);
			dependencies = (
				652782D81E4F5F160069A18A /* PBXTargetDependency */,
			);
			name = SkurringTests;
			productName = SkurringTests;
			productReference = 652782D61E4F5F160069A18A /* SkurringTests.xctest */;
			productType = "com.apple.product-type.bundle.unit-test";
		};
		652782E01E4F5F160069A18A /* SkurringUITests */ = {
			isa = PBXNativeTarget;
			buildConfigurationList = 652782F01E4F5F160069A18A /* Build configuration list for PBXNativeTarget "SkurringUITests" */;
			buildPhases = (
				652782DD1E4F5F160069A18A /* Sources */,
				652782DE1E4F5F160069A18A /* Frameworks */,
				652782DF1E4F5F160069A18A /* Resources */,
			);
			buildRules = (
			);
			dependencies = (
				652782E31E4F5F160069A18A /* PBXTargetDependency */,
			);
			name = SkurringUITests;
			productName = SkurringUITests;
			productReference = 652782E11E4F5F160069A18A /* SkurringUITests.xctest */;
			productType = "com.apple.product-type.bundle.ui-testing";
		};
/* End PBXNativeTarget section */

/* Begin PBXProject section */
		652782BA1E4F5F160069A18A /* Project object */ = {
			isa = PBXProject;
			attributes = {
				LastSwiftUpdateCheck = 0820;
				LastUpgradeCheck = 0820;
				ORGANIZATIONNAME = Appzelof;
				TargetAttributes = {
					652782C11E4F5F160069A18A = {
						CreatedOnToolsVersion = 8.2.1;
<<<<<<< HEAD
						DevelopmentTeam = R6SA5BL5ED;
=======
>>>>>>> e68ce514d04c2c4e951b30883a313fd57d0856c7
						LastSwiftMigration = 0920;
						ProvisioningStyle = Automatic;
						SystemCapabilities = {
							com.apple.BackgroundModes = {
								enabled = 1;
							};
							com.apple.InAppPurchase = {
								enabled = 1;
							};
							com.apple.Maps.iOS = {
								enabled = 1;
							};
							com.apple.Push = {
								enabled = 1;
							};
						};
					};
					652782D51E4F5F160069A18A = {
						CreatedOnToolsVersion = 8.2.1;
						DevelopmentTeam = R6SA5BL5ED;
						ProvisioningStyle = Automatic;
						TestTargetID = 652782C11E4F5F160069A18A;
					};
					652782E01E4F5F160069A18A = {
						CreatedOnToolsVersion = 8.2.1;
						DevelopmentTeam = R6SA5BL5ED;
						ProvisioningStyle = Automatic;
						TestTargetID = 652782C11E4F5F160069A18A;
					};
				};
			};
			buildConfigurationList = 652782BD1E4F5F160069A18A /* Build configuration list for PBXProject "Skurring" */;
			compatibilityVersion = "Xcode 3.2";
			developmentRegion = English;
			hasScannedForEncodings = 0;
			knownRegions = (
				en,
				Base,
			);
			mainGroup = 652782B91E4F5F160069A18A;
			productRefGroup = 652782C31E4F5F160069A18A /* Products */;
			projectDirPath = "";
			projectRoot = "";
			targets = (
				652782C11E4F5F160069A18A /* Skurring */,
				652782D51E4F5F160069A18A /* SkurringTests */,
				652782E01E4F5F160069A18A /* SkurringUITests */,
			);
		};
/* End PBXProject section */

/* Begin PBXResourcesBuildPhase section */
		652782C01E4F5F160069A18A /* Resources */ = {
			isa = PBXResourcesBuildPhase;
			buildActionMask = 2147483647;
			files = (
				652782D01E4F5F160069A18A /* LaunchScreen.storyboard in Resources */,
				652782F81E5331040069A18A /* Assets.xcassets in Resources */,
				65B04DC11EFBE2AE002B60FB /* Digital.ttf in Resources */,
				652782CB1E4F5F160069A18A /* Main.storyboard in Resources */,
				DF9E72B51FCA1DD900CEEAA3 /* Info.plist in Resources */,
			);
			runOnlyForDeploymentPostprocessing = 0;
		};
		652782D41E4F5F160069A18A /* Resources */ = {
			isa = PBXResourcesBuildPhase;
			buildActionMask = 2147483647;
			files = (
			);
			runOnlyForDeploymentPostprocessing = 0;
		};
		652782DF1E4F5F160069A18A /* Resources */ = {
			isa = PBXResourcesBuildPhase;
			buildActionMask = 2147483647;
			files = (
			);
			runOnlyForDeploymentPostprocessing = 0;
		};
/* End PBXResourcesBuildPhase section */

/* Begin PBXShellScriptBuildPhase section */
		24477826A51821EBE8384802 /* [CP] Copy Pods Resources */ = {
			isa = PBXShellScriptBuildPhase;
			buildActionMask = 2147483647;
			files = (
			);
			inputPaths = (
			);
			name = "[CP] Copy Pods Resources";
			outputPaths = (
			);
			runOnlyForDeploymentPostprocessing = 0;
			shellPath = /bin/sh;
			shellScript = "\"${SRCROOT}/Pods/Target Support Files/Pods-Skurring/Pods-Skurring-resources.sh\"\n";
			showEnvVarsInLog = 0;
		};
		AB7F8702FF9519C7C7868AA6 /* [CP] Embed Pods Frameworks */ = {
			isa = PBXShellScriptBuildPhase;
			buildActionMask = 2147483647;
			files = (
			);
			inputPaths = (
			);
			name = "[CP] Embed Pods Frameworks";
			outputPaths = (
			);
			runOnlyForDeploymentPostprocessing = 0;
			shellPath = /bin/sh;
			shellScript = "\"${SRCROOT}/Pods/Target Support Files/Pods-Skurring/Pods-Skurring-frameworks.sh\"\n";
			showEnvVarsInLog = 0;
		};
		CD622EEE01FBE9B3B2A5F723 /* [CP] Check Pods Manifest.lock */ = {
			isa = PBXShellScriptBuildPhase;
			buildActionMask = 2147483647;
			files = (
			);
			inputPaths = (
			);
			name = "[CP] Check Pods Manifest.lock";
			outputPaths = (
			);
			runOnlyForDeploymentPostprocessing = 0;
			shellPath = /bin/sh;
			shellScript = "diff \"${PODS_PODFILE_DIR_PATH}/Podfile.lock\" \"${PODS_ROOT}/Manifest.lock\" > /dev/null\nif [ $? != 0 ] ; then\n    # print error to STDERR\n    echo \"error: The sandbox is not in sync with the Podfile.lock. Run 'pod install' or update your CocoaPods installation.\" >&2\n    exit 1\nfi\n";
			showEnvVarsInLog = 0;
		};
/* End PBXShellScriptBuildPhase section */

/* Begin PBXSourcesBuildPhase section */
		652782BE1E4F5F160069A18A /* Sources */ = {
			isa = PBXSourcesBuildPhase;
			buildActionMask = 2147483647;
			files = (
				DFE5174D1E61D10D00A352B6 /* RadioPlayer.swift in Sources */,
				DFF4E9451FB4B4BD006262BD /* VegvesenCollectionObject.swift in Sources */,
				65F5C5E51E6030000069C190 /* SettingsVC.swift in Sources */,
				65A0DC311FA1F597008DC69E /* xmlParser.swift in Sources */,
				65EB87A61F5C2006007044B4 /* SoundPlayer.swift in Sources */,
				DFF4E93E1FB49E69006262BD /* DataService.swift in Sources */,
				65B462971E5AE49D00815203 /* GifEngine.swift in Sources */,
				DF276BE61FB3A72A0068F1A3 /* XMLWeather.swift in Sources */,
				DFA3CE541FC60D7E00AA939A /* ShadowCircularButton.swift in Sources */,
				DFE5174A1E61CB7800A352B6 /* SaveData.swift in Sources */,
				65B462951E59CC1400815203 /* RadioInfoCell.swift in Sources */,
				DF9842C71FCD782600266AAB /* WeatherFilter.swift in Sources */,
				DFE579E61FC46DF2008905B8 /* HjelpVC.swift in Sources */,
				65B4628D1E55C9F000815203 /* PlayVC.swift in Sources */,
				DF1CA1E31FBDDBCE005F88F4 /* VegvesenKartVC.swift in Sources */,
				DF0775FE20248FA900A2B7AE /* iCarousel.m in Sources */,
				DFA3CE521FC60D1900AA939A /* BorderedView.swift in Sources */,
				DF07760020249E4800A2B7AE /* PlayRadioCell.swift in Sources */,
				DF586F531FB3D87300255E31 /* WeatherCollectionObject.swift in Sources */,
				DFE579EB1FC4725E008905B8 /* EmergencyCell.swift in Sources */,
				652782C81E4F5F160069A18A /* ViewController.swift in Sources */,
				65C8FD111FB08E2300870682 /* DownloadManager.swift in Sources */,
				DFE517461E5DD56700A352B6 /* TimerBrain.swift in Sources */,
				DFF4E9411FB4AE59006262BD /* XMLVegvesen.swift in Sources */,
				DFF4E9431FB4AF95006262BD /* FylkeDict.swift in Sources */,
				DFF4E9471FB4C914006262BD /* VegVesenInfoCell.swift in Sources */,
				652782C61E4F5F160069A18A /* AppDelegate.swift in Sources */,
				65B4629E1E5B1B9B00815203 /* MainScreenRadioObjects.swift in Sources */,
				65B4629C1E5B12F800815203 /* RadioList.swift in Sources */,
				659D88E11F614AF700FA1118 /* weatherDataModel.swift in Sources */,
				DFE579E91FC46E5D008905B8 /* CallOptions.swift in Sources */,
				65B462911E56F3E700815203 /* RadioINFO.swift in Sources */,
				DFE517501E61D9DF00A352B6 /* Alerts.swift in Sources */,
				65B462A01E5B290600815203 /* SendObject.swift in Sources */,
			);
			runOnlyForDeploymentPostprocessing = 0;
		};
		652782D21E4F5F160069A18A /* Sources */ = {
			isa = PBXSourcesBuildPhase;
			buildActionMask = 2147483647;
			files = (
				652782DB1E4F5F160069A18A /* SkurringTests.swift in Sources */,
			);
			runOnlyForDeploymentPostprocessing = 0;
		};
		652782DD1E4F5F160069A18A /* Sources */ = {
			isa = PBXSourcesBuildPhase;
			buildActionMask = 2147483647;
			files = (
				652782E61E4F5F160069A18A /* SkurringUITests.swift in Sources */,
			);
			runOnlyForDeploymentPostprocessing = 0;
		};
/* End PBXSourcesBuildPhase section */

/* Begin PBXTargetDependency section */
		652782D81E4F5F160069A18A /* PBXTargetDependency */ = {
			isa = PBXTargetDependency;
			target = 652782C11E4F5F160069A18A /* Skurring */;
			targetProxy = 652782D71E4F5F160069A18A /* PBXContainerItemProxy */;
		};
		652782E31E4F5F160069A18A /* PBXTargetDependency */ = {
			isa = PBXTargetDependency;
			target = 652782C11E4F5F160069A18A /* Skurring */;
			targetProxy = 652782E21E4F5F160069A18A /* PBXContainerItemProxy */;
		};
/* End PBXTargetDependency section */

/* Begin PBXVariantGroup section */
		652782C91E4F5F160069A18A /* Main.storyboard */ = {
			isa = PBXVariantGroup;
			children = (
				652782CA1E4F5F160069A18A /* Base */,
			);
			name = Main.storyboard;
			sourceTree = "<group>";
		};
		652782CE1E4F5F160069A18A /* LaunchScreen.storyboard */ = {
			isa = PBXVariantGroup;
			children = (
				652782CF1E4F5F160069A18A /* Base */,
			);
			name = LaunchScreen.storyboard;
			sourceTree = "<group>";
		};
/* End PBXVariantGroup section */

/* Begin XCBuildConfiguration section */
		652782E81E4F5F160069A18A /* Debug */ = {
			isa = XCBuildConfiguration;
			buildSettings = {
				ALWAYS_SEARCH_USER_PATHS = NO;
				CLANG_ANALYZER_NONNULL = YES;
				CLANG_CXX_LANGUAGE_STANDARD = "gnu++0x";
				CLANG_CXX_LIBRARY = "libc++";
				CLANG_ENABLE_MODULES = YES;
				CLANG_ENABLE_OBJC_ARC = YES;
				CLANG_WARN_BOOL_CONVERSION = YES;
				CLANG_WARN_CONSTANT_CONVERSION = YES;
				CLANG_WARN_DIRECT_OBJC_ISA_USAGE = YES_ERROR;
				CLANG_WARN_DOCUMENTATION_COMMENTS = YES;
				CLANG_WARN_EMPTY_BODY = YES;
				CLANG_WARN_ENUM_CONVERSION = YES;
				CLANG_WARN_INFINITE_RECURSION = YES;
				CLANG_WARN_INT_CONVERSION = YES;
				CLANG_WARN_OBJC_ROOT_CLASS = YES_ERROR;
				CLANG_WARN_SUSPICIOUS_MOVE = YES;
				CLANG_WARN_UNREACHABLE_CODE = YES;
				CLANG_WARN__DUPLICATE_METHOD_MATCH = YES;
				"CODE_SIGN_IDENTITY[sdk=iphoneos*]" = "iPhone Developer";
				COPY_PHASE_STRIP = NO;
				DEBUG_INFORMATION_FORMAT = dwarf;
				ENABLE_STRICT_OBJC_MSGSEND = YES;
				ENABLE_TESTABILITY = YES;
				GCC_C_LANGUAGE_STANDARD = gnu99;
				GCC_DYNAMIC_NO_PIC = NO;
				GCC_NO_COMMON_BLOCKS = YES;
				GCC_OPTIMIZATION_LEVEL = 0;
				GCC_PREPROCESSOR_DEFINITIONS = (
					"DEBUG=1",
					"$(inherited)",
				);
				GCC_WARN_64_TO_32_BIT_CONVERSION = YES;
				GCC_WARN_ABOUT_RETURN_TYPE = YES_ERROR;
				GCC_WARN_UNDECLARED_SELECTOR = YES;
				GCC_WARN_UNINITIALIZED_AUTOS = YES_AGGRESSIVE;
				GCC_WARN_UNUSED_FUNCTION = YES;
				GCC_WARN_UNUSED_VARIABLE = YES;
				IPHONEOS_DEPLOYMENT_TARGET = 9.0;
				MTL_ENABLE_DEBUG_INFO = YES;
				ONLY_ACTIVE_ARCH = YES;
				SDKROOT = iphoneos;
				SWIFT_ACTIVE_COMPILATION_CONDITIONS = DEBUG;
				SWIFT_OPTIMIZATION_LEVEL = "-Onone";
			};
			name = Debug;
		};
		652782E91E4F5F160069A18A /* Release */ = {
			isa = XCBuildConfiguration;
			buildSettings = {
				ALWAYS_SEARCH_USER_PATHS = NO;
				CLANG_ANALYZER_NONNULL = YES;
				CLANG_CXX_LANGUAGE_STANDARD = "gnu++0x";
				CLANG_CXX_LIBRARY = "libc++";
				CLANG_ENABLE_MODULES = YES;
				CLANG_ENABLE_OBJC_ARC = YES;
				CLANG_WARN_BOOL_CONVERSION = YES;
				CLANG_WARN_CONSTANT_CONVERSION = YES;
				CLANG_WARN_DIRECT_OBJC_ISA_USAGE = YES_ERROR;
				CLANG_WARN_DOCUMENTATION_COMMENTS = YES;
				CLANG_WARN_EMPTY_BODY = YES;
				CLANG_WARN_ENUM_CONVERSION = YES;
				CLANG_WARN_INFINITE_RECURSION = YES;
				CLANG_WARN_INT_CONVERSION = YES;
				CLANG_WARN_OBJC_ROOT_CLASS = YES_ERROR;
				CLANG_WARN_SUSPICIOUS_MOVE = YES;
				CLANG_WARN_UNREACHABLE_CODE = YES;
				CLANG_WARN__DUPLICATE_METHOD_MATCH = YES;
				"CODE_SIGN_IDENTITY[sdk=iphoneos*]" = "iPhone Developer";
				COPY_PHASE_STRIP = NO;
				DEBUG_INFORMATION_FORMAT = "dwarf-with-dsym";
				ENABLE_NS_ASSERTIONS = NO;
				ENABLE_STRICT_OBJC_MSGSEND = YES;
				GCC_C_LANGUAGE_STANDARD = gnu99;
				GCC_NO_COMMON_BLOCKS = YES;
				GCC_WARN_64_TO_32_BIT_CONVERSION = YES;
				GCC_WARN_ABOUT_RETURN_TYPE = YES_ERROR;
				GCC_WARN_UNDECLARED_SELECTOR = YES;
				GCC_WARN_UNINITIALIZED_AUTOS = YES_AGGRESSIVE;
				GCC_WARN_UNUSED_FUNCTION = YES;
				GCC_WARN_UNUSED_VARIABLE = YES;
				IPHONEOS_DEPLOYMENT_TARGET = 9.0;
				MTL_ENABLE_DEBUG_INFO = NO;
				SDKROOT = iphoneos;
				SWIFT_OPTIMIZATION_LEVEL = "-Owholemodule";
				VALIDATE_PRODUCT = YES;
			};
			name = Release;
		};
		652782EB1E4F5F160069A18A /* Debug */ = {
			isa = XCBuildConfiguration;
			baseConfigurationReference = 173A62CA87489ECA4030F5CE /* Pods-Skurring.debug.xcconfig */;
			buildSettings = {
				ASSETCATALOG_COMPILER_APPICON_NAME = AppIcon;
				ASSETCATALOG_COMPILER_LAUNCHIMAGE_NAME = LaunchImage;
				CLANG_ENABLE_MODULES = YES;
				CODE_SIGN_ENTITLEMENTS = Skurring/Skurring.entitlements;
<<<<<<< HEAD
				DEVELOPMENT_TEAM = R6SA5BL5ED;
=======
				DEVELOPMENT_TEAM = "";
>>>>>>> e68ce514d04c2c4e951b30883a313fd57d0856c7
				FRAMEWORK_SEARCH_PATHS = (
					"$(inherited)",
					"$(PROJECT_DIR)",
				);
				INFOPLIST_FILE = Skurring/Info.plist;
				IPHONEOS_DEPLOYMENT_TARGET = 9.0;
				LD_RUNPATH_SEARCH_PATHS = "$(inherited) @executable_path/Frameworks";
				PRODUCT_BUNDLE_IDENTIFIER = Appzelof.Skurring;
				PRODUCT_NAME = "$(TARGET_NAME)";
				SWIFT_OBJC_BRIDGING_HEADER = "Skurring/Skurring-Bridging-Header.h";
				SWIFT_OPTIMIZATION_LEVEL = "-Onone";
				SWIFT_VERSION = 3.0;
				TARGETED_DEVICE_FAMILY = "1,2";
			};
			name = Debug;
		};
		652782EC1E4F5F160069A18A /* Release */ = {
			isa = XCBuildConfiguration;
			baseConfigurationReference = C697287DDD74DB217FDC3430 /* Pods-Skurring.release.xcconfig */;
			buildSettings = {
				ASSETCATALOG_COMPILER_APPICON_NAME = AppIcon;
				ASSETCATALOG_COMPILER_LAUNCHIMAGE_NAME = LaunchImage;
				CLANG_ENABLE_MODULES = YES;
				CODE_SIGN_ENTITLEMENTS = Skurring/Skurring.entitlements;
<<<<<<< HEAD
				DEVELOPMENT_TEAM = R6SA5BL5ED;
=======
				DEVELOPMENT_TEAM = "";
>>>>>>> e68ce514d04c2c4e951b30883a313fd57d0856c7
				FRAMEWORK_SEARCH_PATHS = (
					"$(inherited)",
					"$(PROJECT_DIR)",
				);
				INFOPLIST_FILE = Skurring/Info.plist;
				IPHONEOS_DEPLOYMENT_TARGET = 9.0;
				LD_RUNPATH_SEARCH_PATHS = "$(inherited) @executable_path/Frameworks";
				PRODUCT_BUNDLE_IDENTIFIER = Appzelof.Skurring;
				PRODUCT_NAME = "$(TARGET_NAME)";
				SWIFT_OBJC_BRIDGING_HEADER = "Skurring/Skurring-Bridging-Header.h";
				SWIFT_VERSION = 3.0;
				TARGETED_DEVICE_FAMILY = "1,2";
			};
			name = Release;
		};
		652782EE1E4F5F160069A18A /* Debug */ = {
			isa = XCBuildConfiguration;
			buildSettings = {
				ALWAYS_EMBED_SWIFT_STANDARD_LIBRARIES = YES;
				BUNDLE_LOADER = "$(TEST_HOST)";
				DEVELOPMENT_TEAM = R6SA5BL5ED;
				INFOPLIST_FILE = SkurringTests/Info.plist;
				LD_RUNPATH_SEARCH_PATHS = "$(inherited) @executable_path/Frameworks @loader_path/Frameworks";
				PRODUCT_BUNDLE_IDENTIFIER = Appzelof.SkurringTests;
				PRODUCT_NAME = "$(TARGET_NAME)";
				SWIFT_VERSION = 3.0;
				TEST_HOST = "$(BUILT_PRODUCTS_DIR)/Skurring.app/Skurring";
			};
			name = Debug;
		};
		652782EF1E4F5F160069A18A /* Release */ = {
			isa = XCBuildConfiguration;
			buildSettings = {
				ALWAYS_EMBED_SWIFT_STANDARD_LIBRARIES = YES;
				BUNDLE_LOADER = "$(TEST_HOST)";
				DEVELOPMENT_TEAM = R6SA5BL5ED;
				INFOPLIST_FILE = SkurringTests/Info.plist;
				LD_RUNPATH_SEARCH_PATHS = "$(inherited) @executable_path/Frameworks @loader_path/Frameworks";
				PRODUCT_BUNDLE_IDENTIFIER = Appzelof.SkurringTests;
				PRODUCT_NAME = "$(TARGET_NAME)";
				SWIFT_VERSION = 3.0;
				TEST_HOST = "$(BUILT_PRODUCTS_DIR)/Skurring.app/Skurring";
			};
			name = Release;
		};
		652782F11E4F5F160069A18A /* Debug */ = {
			isa = XCBuildConfiguration;
			buildSettings = {
				ALWAYS_EMBED_SWIFT_STANDARD_LIBRARIES = YES;
				DEVELOPMENT_TEAM = R6SA5BL5ED;
				INFOPLIST_FILE = SkurringUITests/Info.plist;
				LD_RUNPATH_SEARCH_PATHS = "$(inherited) @executable_path/Frameworks @loader_path/Frameworks";
				PRODUCT_BUNDLE_IDENTIFIER = Appzelof.SkurringUITests;
				PRODUCT_NAME = "$(TARGET_NAME)";
				SWIFT_VERSION = 3.0;
				TEST_TARGET_NAME = Skurring;
			};
			name = Debug;
		};
		652782F21E4F5F160069A18A /* Release */ = {
			isa = XCBuildConfiguration;
			buildSettings = {
				ALWAYS_EMBED_SWIFT_STANDARD_LIBRARIES = YES;
				DEVELOPMENT_TEAM = R6SA5BL5ED;
				INFOPLIST_FILE = SkurringUITests/Info.plist;
				LD_RUNPATH_SEARCH_PATHS = "$(inherited) @executable_path/Frameworks @loader_path/Frameworks";
				PRODUCT_BUNDLE_IDENTIFIER = Appzelof.SkurringUITests;
				PRODUCT_NAME = "$(TARGET_NAME)";
				SWIFT_VERSION = 3.0;
				TEST_TARGET_NAME = Skurring;
			};
			name = Release;
		};
/* End XCBuildConfiguration section */

/* Begin XCConfigurationList section */
		652782BD1E4F5F160069A18A /* Build configuration list for PBXProject "Skurring" */ = {
			isa = XCConfigurationList;
			buildConfigurations = (
				652782E81E4F5F160069A18A /* Debug */,
				652782E91E4F5F160069A18A /* Release */,
			);
			defaultConfigurationIsVisible = 0;
			defaultConfigurationName = Release;
		};
		652782EA1E4F5F160069A18A /* Build configuration list for PBXNativeTarget "Skurring" */ = {
			isa = XCConfigurationList;
			buildConfigurations = (
				652782EB1E4F5F160069A18A /* Debug */,
				652782EC1E4F5F160069A18A /* Release */,
			);
			defaultConfigurationIsVisible = 0;
			defaultConfigurationName = Release;
		};
		652782ED1E4F5F160069A18A /* Build configuration list for PBXNativeTarget "SkurringTests" */ = {
			isa = XCConfigurationList;
			buildConfigurations = (
				652782EE1E4F5F160069A18A /* Debug */,
				652782EF1E4F5F160069A18A /* Release */,
			);
			defaultConfigurationIsVisible = 0;
			defaultConfigurationName = Release;
		};
		652782F01E4F5F160069A18A /* Build configuration list for PBXNativeTarget "SkurringUITests" */ = {
			isa = XCConfigurationList;
			buildConfigurations = (
				652782F11E4F5F160069A18A /* Debug */,
				652782F21E4F5F160069A18A /* Release */,
			);
			defaultConfigurationIsVisible = 0;
			defaultConfigurationName = Release;
		};
/* End XCConfigurationList section */
	};
	rootObject = 652782BA1E4F5F160069A18A /* Project object */;
}
