PODS:
  - Alamofire (4.8.2)
  - AssistantKit (0.6.1)
  - MarqueeLabel (4.0.0)

DEPENDENCIES:
  - Alamofire
  - AssistantKit
  - MarqueeLabel

SPEC REPOS:
  https://github.com/cocoapods/specs.git:
    - Alamofire
    - AssistantKit
    - MarqueeLabel

SPEC CHECKSUMS:
  Alamofire: ae5c501addb7afdbb13687d7f2f722c78734c2d3
  AssistantKit: 7dd40c019e9a06e93555ed58498a2d212fcb408d
  MarqueeLabel: b55b26e690b6ad41faedd95cbf5eae6f1d1735b4

PODFILE CHECKSUM: 46128c114456fcab41407f91443c074b66a56f8e

COCOAPODS: 1.5.3
