PODS:
  - Alamofire (4.5.0)
  - Firebase/Core (3.8.0):
    - FirebaseAnalytics (= 3.5.1)
    - FirebaseCore (= 3.4.4)
  - Firebase/Database (3.8.0):
    - Firebase/Core
    - FirebaseDatabase (= 3.1.0)
  - FirebaseAnalytics (3.5.1):
    - FirebaseCore (~> 3.4)
    - FirebaseInstanceID (~> 1.0)
    - GoogleInterchangeUtilities (~> 1.2)
    - GoogleSymbolUtilities (~> 1.1)
    - GoogleToolboxForMac/NSData+zlib (~> 2.1)
  - FirebaseCore (3.4.4):
    - GoogleInterchangeUtilities (~> 1.2)
    - GoogleToolboxForMac/NSData+zlib (~> 2.1)
  - FirebaseDatabase (3.1.0):
    - FirebaseAnalytics (~> 3.4)
  - FirebaseInstanceID (1.0.8)
  - Google-Mobile-Ads-SDK (7.21.0)
  - GoogleInterchangeUtilities (1.2.2):
    - GoogleSymbolUtilities (~> 1.1)
  - GoogleSymbolUtilities (1.1.2)
  - GoogleToolboxForMac/Defines (2.1.0)
  - GoogleToolboxForMac/NSData+zlib (2.1.0):
    - GoogleToolboxForMac/Defines (= 2.1.0)
  - MarqueeLabel/Swift (3.0.1)
  - SimpleAnimation (0.3.1)
  - SwiftyJSON (3.1.4)
  - TableViewReloadAnimation (0.0.5)
  - TransitionAnimation (4.0.0):
    - TransitionTreasury (~> 4.0)
  - TransitionTreasury (4.0.0)

DEPENDENCIES:
  - Alamofire
  - Firebase/Core
  - Firebase/Database
  - Google-Mobile-Ads-SDK
  - MarqueeLabel/Swift
  - SimpleAnimation
  - SwiftyJSON
  - TableViewReloadAnimation
  - TransitionAnimation
  - TransitionTreasury

SPEC CHECKSUMS:
  Alamofire: f28cdffd29de33a7bfa022cbd63ae95a27fae140
  Firebase: fdbecadb7b5cbef2774852d4fa659b9daf11f2af
  FirebaseAnalytics: 6e58fc9b397664369ac7617fb0ba93fab6ba7b5b
  FirebaseCore: d0ed25f27b6f9158eccc439f1be6f92e81207e28
  FirebaseDatabase: 3ebb2edb6007c3f0f87b248f3fa212bde56a1468
  FirebaseInstanceID: ba1e640935235e5fac39dfa816fe7660e72e1a8a
  Google-Mobile-Ads-SDK: 4a6f1b43c8cc0e1e95a3b59d9f52a01671c6f9f3
  GoogleInterchangeUtilities: d5bc4d88d5b661ab72f9d70c58d02ca8c27ad1f7
  GoogleSymbolUtilities: 631ee17048aa5e9ab133470d768ea997a5ef9b96
  GoogleToolboxForMac: 2b2596cbb7186865e98cadf2b1e262d851c2b168
  MarqueeLabel: 80ba85d2b76a9f5fa6c13de337db80bcd94feb1d
  SimpleAnimation: 0c4fe9cb60b5d5c57611909ca95722446fe74d63
  SwiftyJSON: c2842d878f95482ffceec5709abc3d05680c0220
  TableViewReloadAnimation: f3a4c4048efbc56331be98075f26a2e533a14c16
  TransitionAnimation: c397b9ca41ab593b35b1e8f8673df17bae0db20a
  TransitionTreasury: dcf3fe6e5c740525d9e7d4544af45e6fbfd71c88

PODFILE CHECKSUM: 21b2f2c5965876e1bac859251ceaf054df24c1e4

COCOAPODS: 1.2.1
